
Microsoft Visual Studio Solution File, Format Version 12.00
# Visual Studio Version 16
VisualStudioVersion = 16.0.30204.135
MinimumVisualStudioVersion = 10.0.40219.1
Project("{9A19103F-16F7-4668-BE54-9A1E7A4F7556}") = "ParseTheParcel", "ParseTheParcel\ParseTheParcel.csproj", "{3ED72874-0678-4A96-871D-AD7EAC19B1BE}"
EndProject
Project("{9A19103F-16F7-4668-BE54-9A1E7A4F7556}") = "ParseTheParcel.Test", "ParseTheParcel.Test\ParseTheParcel.Test.csproj", "{FA0B70DC-AE26-4BA4-B0BB-98370E1ADE0B}"
EndProject
Global
	GlobalSection(SolutionConfigurationPlatforms) = preSolution
		Debug|Any CPU = Debug|Any CPU
		Release|Any CPU = Release|Any CPU
	EndGlobalSection
	GlobalSection(ProjectConfigurationPlatforms) = postSolution
		{3ED72874-0678-4A96-871D-AD7EAC19B1BE}.Debug|Any CPU.ActiveCfg = Debug|Any CPU
		{3ED72874-0678-4A96-871D-AD7EAC19B1BE}.Debug|Any CPU.Build.0 = Debug|Any CPU
		{3ED72874-0678-4A96-871D-AD7EAC19B1BE}.Release|Any CPU.ActiveCfg = Release|Any CPU
		{3ED72874-0678-4A96-871D-AD7EAC19B1BE}.Release|Any CPU.Build.0 = Release|Any CPU
		{FA0B70DC-AE26-4BA4-B0BB-98370E1ADE0B}.Debug|Any CPU.ActiveCfg = Debug|Any CPU
		{FA0B70DC-AE26-4BA4-B0BB-98370E1ADE0B}.Debug|Any CPU.Build.0 = Debug|Any CPU
		{FA0B70DC-AE26-4BA4-B0BB-98370E1ADE0B}.Release|Any CPU.ActiveCfg = Release|Any CPU
		{FA0B70DC-AE26-4BA4-B0BB-98370E1ADE0B}.Release|Any CPU.Build.0 = Release|Any CPU
	EndGlobalSection
	GlobalSection(SolutionProperties) = preSolution
		HideSolutionNode = FALSE
	EndGlobalSection
	GlobalSection(ExtensibilityGlobals) = postSolution
		SolutionGuid = {4C6B0ECD-68F9-4BD2-AED3-761EAFEE7B87}
	EndGlobalSection
EndGlobal
